{
  "version": 4,
  "terraform_version": "1.9.7",
  "serial": 10,
  "lineage": "19b72686-3a7d-5b03-f68e-7b2d390e6cfb",
  "outputs": {},
  "resources": [
    {
      "module": "module.lambda",
      "mode": "data",
      "type": "archive_file",
      "name": "lambda",
      "provider": "provider[\"registry.terraform.io/hashicorp/archive\"]",
      "instances": [
        {
          "schema_version": 0,
          "attributes": {
            "exclude_symlink_directories": null,
            "excludes": null,
            "id": "a49ae985c073f8f3f123742511f9fc7ca8f5ae34",
            "output_base64sha256": "2G/x5vyDhu3KL0qNAXVQtWowg1N/yTD31/7PRd29ZnI=",
            "output_base64sha512": "IeawM2LZZoLv5HgL7MW/PnLgTDyYskLNjJ+NDX576+POdIn2YTxynZUxkMZDDy2qg6rB53ozIJapQNzDXPz/vQ==",
            "output_file_mode": null,
            "output_md5": "242e6fd1cb44d97b62957c586656b878",
            "output_path": "../modules/lambda/lambda/lambda.zip",
            "output_sha": "a49ae985c073f8f3f123742511f9fc7ca8f5ae34",
            "output_sha256": "d86ff1e6fc8386edca2f4a8d017550b56a3083537fc930f7d7fecf45ddbd6672",
            "output_sha512": "21e6b03362d96682efe4780becc5bf3e72e04c3c98b242cd8c9f8d0d7e7bebe3ce7489f6613c729d953190c6430f2daa83aac1e77a332096a940dcc35cfcffbd",
            "output_size": 644,
            "source": [],
            "source_content": null,
            "source_content_filename": null,
            "source_dir": null,
            "source_file": "../modules/lambda/lambda/lambda_function.py",
            "type": "zip"
          },
          "sensitive_attributes": []
        }
      ]
    },
    {
      "module": "module.lambda",
      "mode": "data",
      "type": "aws_caller_identity",
      "name": "current",
      "provider": "module.lambda.provider[\"registry.terraform.io/hashicorp/aws\"]",
      "instances": [
        {
          "schema_version": 0,
          "attributes": {
            "account_id": "162435093709",
            "arn": "arn:aws:iam::162435093709:user/skangnoh",
            "id": "162435093709",
            "user_id": "AIDASLUPC2TG5N2PA2BGZ"
          },
          "sensitive_attributes": []
        }
      ]
    },
    {
      "module": "module.lambda",
      "mode": "data",
      "type": "aws_region",
      "name": "current",
      "provider": "module.lambda.provider[\"registry.terraform.io/hashicorp/aws\"]",
      "instances": [
        {
          "schema_version": 0,
          "attributes": {
            "description": "US East (N. Virginia)",
            "endpoint": "ec2.us-east-1.amazonaws.com",
            "id": "us-east-1",
            "name": "us-east-1"
          },
          "sensitive_attributes": []
        }
      ]
    },
    {
      "module": "module.lambda",
      "mode": "managed",
      "type": "aws_iam_policy",
      "name": "lambda_policy",
      "provider": "module.lambda.provider[\"registry.terraform.io/hashicorp/aws\"]",
      "instances": [
        {
          "schema_version": 0,
          "attributes": {
            "arn": "arn:aws:iam::162435093709:policy/lambda-s3-policy-stg-162435093709",
            "description": "Policy for Lambda to access S3",
            "id": "arn:aws:iam::162435093709:policy/lambda-s3-policy-stg-162435093709",
            "name": "lambda-s3-policy-stg-162435093709",
            "name_prefix": "",
            "path": "/",
            "policy": "{\"Statement\":[{\"Action\":[\"s3:GetObject\",\"s3:ListBucket\"],\"Effect\":\"Allow\",\"Resource\":[\"arn:aws:s3:::shared-object-reader-s3\",\"arn:aws:s3:::shared-object-reader-s3/*\"]}],\"Version\":\"2012-10-17\"}",
            "policy_id": "ANPASLUPC2TGQALZJEUVK",
            "tags": {},
            "tags_all": {}
          },
          "sensitive_attributes": [],
          "private": "bnVsbA==",
          "dependencies": [
            "module.lambda.data.aws_caller_identity.current"
          ]
        }
      ]
    },
    {
      "module": "module.lambda",
      "mode": "managed",
      "type": "aws_iam_role",
      "name": "lambda_execution_role",
      "provider": "module.lambda.provider[\"registry.terraform.io/hashicorp/aws\"]",
      "instances": [
        {
          "schema_version": 0,
          "attributes": {
            "arn": "arn:aws:iam::162435093709:role/cwl-retention-lambda-execution-role-stg-162435093709",
            "assume_role_policy": "{\"Statement\":[{\"Action\":\"sts:AssumeRole\",\"Effect\":\"Allow\",\"Principal\":{\"Service\":\"lambda.amazonaws.com\"}}],\"Version\":\"2012-10-17\"}",
            "create_date": "2024-10-16T14:34:50Z",
            "description": "",
            "force_detach_policies": false,
            "id": "cwl-retention-lambda-execution-role-stg-162435093709",
            "inline_policy": [
              {
                "name": "LambdaPolicy",
                "policy": "{\"Version\":\"2012-10-17\",\"Statement\":[{\"Action\":[\"logs:PutRetentionPolicy\",\"logs:DescribeLogGroups\",\"logs:DescribeLogStreams\",\"config:PutEvaluations\"],\"Effect\":\"Allow\",\"Resource\":[\"*\"]}]}"
              }
            ],
            "managed_policy_arns": [
              "arn:aws:iam::aws:policy/service-role/AWSLambdaBasicExecutionRole"
            ],
            "max_session_duration": 3600,
            "name": "cwl-retention-lambda-execution-role-stg-162435093709",
            "name_prefix": "",
            "path": "/",
            "permissions_boundary": null,
            "role_last_used": [
              {
                "last_used_date": "",
                "region": ""
              }
            ],
            "tags": {},
            "tags_all": {},
            "unique_id": "AROASLUPC2TGQEON6NXYG"
          },
          "sensitive_attributes": [],
          "private": "bnVsbA==",
          "dependencies": [
            "module.lambda.data.aws_caller_identity.current"
          ]
        }
      ]
    },
    {
      "module": "module.lambda",
      "mode": "managed",
      "type": "aws_iam_role_policy_attachment",
      "name": "lambda_policy_attachment",
      "provider": "module.lambda.provider[\"registry.terraform.io/hashicorp/aws\"]",
      "instances": [
        {
          "schema_version": 0,
          "attributes": {
            "id": "cwl-retention-lambda-execution-role-stg-162435093709-20241016143451366300000001",
            "policy_arn": "arn:aws:iam::162435093709:policy/lambda-s3-policy-stg-162435093709",
            "role": "cwl-retention-lambda-execution-role-stg-162435093709"
          },
          "sensitive_attributes": [],
          "private": "bnVsbA==",
          "dependencies": [
            "module.lambda.aws_iam_policy.lambda_policy",
            "module.lambda.aws_iam_role.lambda_execution_role",
            "module.lambda.data.aws_caller_identity.current"
          ]
        }
      ]
    },
    {
      "module": "module.lambda",
      "mode": "managed",
      "type": "aws_lambda_function",
      "name": "object_read",
      "provider": "module.lambda.provider[\"registry.terraform.io/hashicorp/aws\"]",
      "instances": [
        {
          "schema_version": 0,
          "attributes": {
            "architectures": [
              "x86_64"
            ],
            "arn": "arn:aws:lambda:us-east-1:162435093709:function:s3-object-reader-stg",
            "code_signing_config_arn": "",
            "dead_letter_config": [],
            "description": "Comprises of logic for configuring log retention policy for log group(s)",
            "environment": [],
            "ephemeral_storage": [
              {
                "size": 512
              }
            ],
            "file_system_config": [],
            "filename": "../modules/lambda/lambda/lambda.zip",
            "function_name": "s3-object-reader-stg",
            "handler": "lambda_function.lambda_handler",
            "id": "s3-object-reader-stg",
            "image_config": [],
            "image_uri": "",
            "invoke_arn": "arn:aws:apigateway:us-east-1:lambda:path/2015-03-31/functions/arn:aws:lambda:us-east-1:162435093709:function:s3-object-reader-stg/invocations",
            "kms_key_arn": "",
            "last_modified": "2024-10-16T14:34:59.585+0000",
            "layers": [],
            "memory_size": 1024,
            "package_type": "Zip",
            "publish": false,
            "qualified_arn": "arn:aws:lambda:us-east-1:162435093709:function:s3-object-reader-stg:$LATEST",
            "qualified_invoke_arn": "arn:aws:apigateway:us-east-1:lambda:path/2015-03-31/functions/arn:aws:lambda:us-east-1:162435093709:function:s3-object-reader-stg:$LATEST/invocations",
            "replace_security_groups_on_destroy": null,
            "replacement_security_group_ids": null,
            "reserved_concurrent_executions": -1,
            "role": "arn:aws:iam::162435093709:role/cwl-retention-lambda-execution-role-stg-162435093709",
            "runtime": "python3.9",
            "s3_bucket": null,
            "s3_key": null,
            "s3_object_version": null,
            "signing_job_arn": "",
            "signing_profile_version_arn": "",
            "skip_destroy": false,
            "snap_start": [],
            "source_code_hash": "2G/x5vyDhu3KL0qNAXVQtWowg1N/yTD31/7PRd29ZnI=",
            "source_code_size": 644,
            "tags": {},
            "tags_all": {},
            "timeout": 300,
            "timeouts": null,
            "tracing_config": [
              {
                "mode": "PassThrough"
              }
            ],
            "version": "$LATEST",
            "vpc_config": []
          },
          "sensitive_attributes": [],
          "private": "eyJlMmJmYjczMC1lY2FhLTExZTYtOGY4OC0zNDM2M2JjN2M0YzAiOnsiY3JlYXRlIjo2MDAwMDAwMDAwMDAsImRlbGV0ZSI6NjAwMDAwMDAwMDAwLCJ1cGRhdGUiOjYwMDAwMDAwMDAwMH19",
          "dependencies": [
            "module.lambda.aws_iam_role.lambda_execution_role",
            "module.lambda.data.aws_caller_identity.current"
          ]
        }
      ]
    },
    {
      "module": "module.lambda",
      "mode": "managed",
      "type": "aws_lambda_permission",
      "name": "PermissionForEventsToInvokeLambda",
      "provider": "module.lambda.provider[\"registry.terraform.io/hashicorp/aws\"]",
      "instances": [
        {
          "schema_version": 0,
          "attributes": {
            "action": "lambda:InvokeFunction",
            "event_source_token": null,
            "function_name": "s3-object-reader-stg",
            "function_url_auth_type": null,
            "id": "AllowS3Invoke",
            "principal": "s3.amazonaws.com",
            "principal_org_id": null,
            "qualifier": "",
            "source_account": null,
            "source_arn": "arn:aws:s3:::shared-object-reader-s3",
            "statement_id": "AllowS3Invoke",
            "statement_id_prefix": ""
          },
          "sensitive_attributes": [],
          "private": "bnVsbA==",
          "dependencies": [
            "module.lambda.aws_iam_role.lambda_execution_role",
            "module.lambda.aws_lambda_function.object_read",
            "module.lambda.data.aws_caller_identity.current"
          ]
        }
      ]
    },
    {
      "module": "module.lambda",
      "mode": "managed",
      "type": "aws_s3_bucket_notification",
      "name": "bucket_notification",
      "provider": "module.lambda.provider[\"registry.terraform.io/hashicorp/aws\"]",
      "instances": [
        {
          "schema_version": 0,
          "attributes": {
            "bucket": "shared-object-reader-s3",
            "eventbridge": false,
            "id": "shared-object-reader-s3",
            "lambda_function": [
              {
                "events": [
                  "s3:ObjectCreated:*"
                ],
                "filter_prefix": "data/int/",
                "filter_suffix": "",
                "id": "tf-s3-lambda-20241016143305298800000001",
                "lambda_function_arn": "arn:aws:lambda:us-east-1:162435093709:function:s3-object-reader-int"
              }
            ],
            "queue": [],
            "topic": []
          },
          "sensitive_attributes": [],
          "private": "bnVsbA==",
          "dependencies": [
            "module.lambda.aws_iam_role.lambda_execution_role",
            "module.lambda.aws_lambda_function.object_read",
            "module.lambda.data.aws_caller_identity.current"
          ]
        }
      ]
    }
  ],
  "check_results": null
}
